
Microsoft Visual Studio Solution File, Format Version 12.00
# Visual Studio Version 17
VisualStudioVersion = 17.4.33213.308
MinimumVisualStudioVersion = 10.0.40219.1
Project("{888888A0-9F3D-457C-B088-3A5042F75D52}") = "Convert txt to csv", "Convert txt to csv\Convert txt to csv.pyproj", "{400932DB-35DB-4107-9F09-FDCC0607294C}"
EndProject
Global
	GlobalSection(SolutionConfigurationPlatforms) = preSolution
		Debug|Any CPU = Debug|Any CPU
		Release|Any CPU = Release|Any CPU
	EndGlobalSection
	GlobalSection(ProjectConfigurationPlatforms) = postSolution
		{400932DB-35DB-4107-9F09-FDCC0607294C}.Debug|Any CPU.ActiveCfg = Debug|Any CPU
		{400932DB-35DB-4107-9F09-FDCC0607294C}.Release|Any CPU.ActiveCfg = Release|Any CPU
	EndGlobalSection
	GlobalSection(SolutionProperties) = preSolution
		HideSolutionNode = FALSE
	EndGlobalSection
	GlobalSection(ExtensibilityGlobals) = postSolution
		SolutionGuid = {A33BB4B7-A503-4FBB-BB38-F860459B4C3A}
	EndGlobalSection
EndGlobal
